
Microsoft Visual Studio Solution File, Format Version 11.00
# Visual Studio 2010
Project("{CC5FD16D-436D-48AD-A40C-5A424C6E3E79}") = "CloudService", "CloudService\CloudService.ccproj", "{DD1B20F0-49ED-4894-9F83-70A70647A1F6}"
EndProject
Project("{FAE04EC0-301F-11D3-BF4B-00C04F79EFBC}") = "WebRole1", "WebRole1\WebRole1.csproj", "{949052DE-352F-49E1-A304-B67199E2E731}"
EndProject
Global
	GlobalSection(SolutionConfigurationPlatforms) = preSolution
		Debug|Any CPU = Debug|Any CPU
		Release|Any CPU = Release|Any CPU
	EndGlobalSection
	GlobalSection(ProjectConfigurationPlatforms) = postSolution
		{DD1B20F0-49ED-4894-9F83-70A70647A1F6}.Debug|Any CPU.ActiveCfg = Debug|Any CPU
		{DD1B20F0-49ED-4894-9F83-70A70647A1F6}.Debug|Any CPU.Build.0 = Debug|Any CPU
		{DD1B20F0-49ED-4894-9F83-70A70647A1F6}.Release|Any CPU.ActiveCfg = Release|Any CPU
		{DD1B20F0-49ED-4894-9F83-70A70647A1F6}.Release|Any CPU.Build.0 = Release|Any CPU
		{949052DE-352F-49E1-A304-B67199E2E731}.Debug|Any CPU.ActiveCfg = Debug|Any CPU
		{949052DE-352F-49E1-A304-B67199E2E731}.Debug|Any CPU.Build.0 = Debug|Any CPU
		{949052DE-352F-49E1-A304-B67199E2E731}.Release|Any CPU.ActiveCfg = Release|Any CPU
		{949052DE-352F-49E1-A304-B67199E2E731}.Release|Any CPU.Build.0 = Release|Any CPU
	EndGlobalSection
	GlobalSection(SolutionProperties) = preSolution
		HideSolutionNode = FALSE
	EndGlobalSection
EndGlobal
